Microsoft Visual Studio Solution File, Format Version 12.00
# Visual Studio Version 17
VisualStudioVersion = 17.5.2.0
MinimumVisualStudioVersion = 10.0.40219.1
Project("{2150E333-8FDC-42A3-9474-1A3956D46DE8}") = "src", "src", "{827E0CD3-B72D-47B6-A68D-7590B98EB39B}"
EndProject
Project("{2150E333-8FDC-42A3-9474-1A3956D46DE8}") = "SKSVB6_vb6", "SKSVB6_vb6", "{EB6D7E3F-A671-E77E-0C85-B8990B3A0E74}"
EndProject
Project("{2150E333-8FDC-42A3-9474-1A3956D46DE8}") = "Requirements", "Requirements", "{AD361078-A32D-E501-CAC1-E34A73D79143}"
EndProject
Project("{FAE04EC0-301F-11D3-BF4B-00C04F79EFBC}") = "SKS", "src\SKSVB6_vb6\Requirements\netFramework\SKS.csproj", "{235FA8B2-C6AE-ABDC-81EF-C7C6E4A1C29D}"
EndProject
Global
	GlobalSection(SolutionConfigurationPlatforms) = preSolution
		Debug|Any CPU = Debug|Any CPU
		Release|Any CPU = Release|Any CPU
	EndGlobalSection
	GlobalSection(ProjectConfigurationPlatforms) = postSolution
		{235FA8B2-C6AE-ABDC-81EF-C7C6E4A1C29D}.Debug|Any CPU.ActiveCfg = Debug|Any CPU
		{235FA8B2-C6AE-ABDC-81EF-C7C6E4A1C29D}.Debug|Any CPU.Build.0 = Debug|Any CPU
		{235FA8B2-C6AE-ABDC-81EF-C7C6E4A1C29D}.Release|Any CPU.ActiveCfg = Release|Any CPU
		{235FA8B2-C6AE-ABDC-81EF-C7C6E4A1C29D}.Release|Any CPU.Build.0 = Release|Any CPU
	EndGlobalSection
	GlobalSection(SolutionProperties) = preSolution
		HideSolutionNode = FALSE
	EndGlobalSection
	GlobalSection(NestedProjects) = preSolution
		{EB6D7E3F-A671-E77E-0C85-B8990B3A0E74} = {827E0CD3-B72D-47B6-A68D-7590B98EB39B}
		{AD361078-A32D-E501-CAC1-E34A73D79143} = {EB6D7E3F-A671-E77E-0C85-B8990B3A0E74}
		{235FA8B2-C6AE-ABDC-81EF-C7C6E4A1C29D} = {AD361078-A32D-E501-CAC1-E34A73D79143}
	EndGlobalSection
	GlobalSection(ExtensibilityGlobals) = postSolution
		SolutionGuid = {4933C664-3016-4094-97FB-EBE80A88CF42}
	EndGlobalSection
EndGlobal
